// !$*UTF8*$!
{
	archiveVersion = 1;
	classes = {
	};
	objectVersion = 50;
	objects = {

/* Begin PBXBuildFile section */
		EEBE01FC251B227200FE7829 /* AppDelegate.swift in Sources */ = {isa = PBXBuildFile; fileRef = EEBE01FB251B227200FE7829 /* AppDelegate.swift */; };
		EEBE01FE251B227200FE7829 /* SceneDelegate.swift in Sources */ = {isa = PBXBuildFile; fileRef = EEBE01FD251B227200FE7829 /* SceneDelegate.swift */; };
		EEBE0200251B227200FE7829 /* ViewController.swift in Sources */ = {isa = PBXBuildFile; fileRef = EEBE01FF251B227200FE7829 /* ViewController.swift */; };
		EEBE0203251B227200FE7829 /* Main.storyboard in Resources */ = {isa = PBXBuildFile; fileRef = EEBE0201251B227200FE7829 /* Main.storyboard */; };
		EEBE0205251B227500FE7829 /* Assets.xcassets in Resources */ = {isa = PBXBuildFile; fileRef = EEBE0204251B227500FE7829 /* Assets.xcassets */; };
		EEBE0208251B227500FE7829 /* LaunchScreen.storyboard in Resources */ = {isa = PBXBuildFile; fileRef = EEBE0206251B227500FE7829 /* LaunchScreen.storyboard */; };
		EEBE0213251B227500FE7829 /* flixTests.swift in Sources */ = {isa = PBXBuildFile; fileRef = EEBE0212251B227500FE7829 /* flixTests.swift */; };
		EEBE021E251B227500FE7829 /* flixUITests.swift in Sources */ = {isa = PBXBuildFile; fileRef = EEBE021D251B227500FE7829 /* flixUITests.swift */; };
/* End PBXBuildFile section */

/* Begin PBXContainerItemProxy section */
		EEBE020F251B227500FE7829 /* PBXContainerItemProxy */ = {
			isa = PBXContainerItemProxy;
			containerPortal = EEBE01F0251B227200FE7829 /* Project object */;
			proxyType = 1;
			remoteGlobalIDString = EEBE01F7251B227200FE7829;
			remoteInfo = flix;
		};
		EEBE021A251B227500FE7829 /* PBXContainerItemProxy */ = {
			isa = PBXContainerItemProxy;
			containerPortal = EEBE01F0251B227200FE7829 /* Project object */;
			proxyType = 1;
			remoteGlobalIDString = EEBE01F7251B227200FE7829;
			remoteInfo = flix;
		};
/* End PBXContainerItemProxy section */

/* Begin PBXFileReference section */
		EEBE01F8251B227200FE7829 /* flix.app */ = {isa = PBXFileReference; explicitFileType = wrapper.application; includeInIndex = 0; path = flix.app; sourceTree = BUILT_PRODUCTS_DIR; };
		EEBE01FB251B227200FE7829 /* AppDelegate.swift */ = {isa = PBXFileReference; lastKnownFileType = sourcecode.swift; path = AppDelegate.swift; sourceTree = "<group>"; };
		EEBE01FD251B227200FE7829 /* SceneDelegate.swift */ = {isa = PBXFileReference; lastKnownFileType = sourcecode.swift; path = SceneDelegate.swift; sourceTree = "<group>"; };
		EEBE01FF251B227200FE7829 /* ViewController.swift */ = {isa = PBXFileReference; lastKnownFileType = sourcecode.swift; path = ViewController.swift; sourceTree = "<group>"; };
		EEBE0202251B227200FE7829 /* Base */ = {isa = PBXFileReference; lastKnownFileType = file.storyboard; name = Base; path = Base.lproj/Main.storyboard; sourceTree = "<group>"; };
		EEBE0204251B227500FE7829 /* Assets.xcassets */ = {isa = PBXFileReference; lastKnownFileType = folder.assetcatalog; path = Assets.xcassets; sourceTree = "<group>"; };
		EEBE0207251B227500FE7829 /* Base */ = {isa = PBXFileReference; lastKnownFileType = file.storyboard; name = Base; path = Base.lproj/LaunchScreen.storyboard; sourceTree = "<group>"; };
		EEBE0209251B227500FE7829 /* Info.plist */ = {isa = PBXFileReference; lastKnownFileType = text.plist.xml; path = Info.plist; sourceTree = "<group>"; };
		EEBE020E251B227500FE7829 /* flixTests.xctest */ = {isa = PBXFileReference; explicitFileType = wrapper.cfbundle; includeInIndex = 0; path = flixTests.xctest; sourceTree = BUILT_PRODUCTS_DIR; };
		EEBE0212251B227500FE7829 /* flixTests.swift */ = {isa = PBXFileReference; lastKnownFileType = sourcecode.swift; path = flixTests.swift; sourceTree = "<group>"; };
		EEBE0214251B227500FE7829 /* Info.plist */ = {isa = PBXFileReference; lastKnownFileType = text.plist.xml; path = Info.plist; sourceTree = "<group>"; };
		EEBE0219251B227500FE7829 /* flixUITests.xctest */ = {isa = PBXFileReference; explicitFileType = wrapper.cfbundle; includeInIndex = 0; path = flixUITests.xctest; sourceTree = BUILT_PRODUCTS_DIR; };
		EEBE021D251B227500FE7829 /* flixUITests.swift */ = {isa = PBXFileReference; lastKnownFileType = sourcecode.swift; path = flixUITests.swift; sourceTree = "<group>"; };
		EEBE021F251B227500FE7829 /* Info.plist */ = {isa = PBXFileReference; lastKnownFileType = text.plist.xml; path = Info.plist; sourceTree = "<group>"; };
/* End PBXFileReference section */

/* Begin PBXFrameworksBuildPhase section */
		EEBE01F5251B227200FE7829 /* Frameworks */ = {
			isa = PBXFrameworksBuildPhase;
			buildActionMask = 2147483647;
			files = (
			);
			runOnlyForDeploymentPostprocessing = 0;
		};
		EEBE020B251B227500FE7829 /* Frameworks */ = {
			isa = PBXFrameworksBuildPhase;
			buildActionMask = 2147483647;
			files = (
			);
			runOnlyForDeploymentPostprocessing = 0;
		};
		EEBE0216251B227500FE7829 /* Frameworks */ = {
			isa = PBXFrameworksBuildPhase;
			buildActionMask = 2147483647;
			files = (
			);
			runOnlyForDeploymentPostprocessing = 0;
		};
/* End PBXFrameworksBuildPhase section */

/* Begin PBXGroup section */
		EEBE01EF251B227200FE7829 = {
			isa = PBXGroup;
			children = (
				EEBE01FA251B227200FE7829 /* flix */,
				EEBE0211251B227500FE7829 /* flixTests */,
				EEBE021C251B227500FE7829 /* flixUITests */,
				EEBE01F9251B227200FE7829 /* Products */,
			);
			sourceTree = "<group>";
		};
		EEBE01F9251B227200FE7829 /* Products */ = {
			isa = PBXGroup;
			children = (
				EEBE01F8251B227200FE7829 /* flix.app */,
				EEBE020E251B227500FE7829 /* flixTests.xctest */,
				EEBE0219251B227500FE7829 /* flixUITests.xctest */,
			);
			name = Products;
			sourceTree = "<group>";
		};
		EEBE01FA251B227200FE7829 /* flix */ = {
			isa = PBXGroup;
			children = (
				EEBE01FB251B227200FE7829 /* AppDelegate.swift */,
				EEBE01FD251B227200FE7829 /* SceneDelegate.swift */,
				EEBE01FF251B227200FE7829 /* ViewController.swift */,
				EEBE0201251B227200FE7829 /* Main.storyboard */,
				EEBE0204251B227500FE7829 /* Assets.xcassets */,
				EEBE0206251B227500FE7829 /* LaunchScreen.storyboard */,
				EEBE0209251B227500FE7829 /* Info.plist */,
			);
			path = flix;
			sourceTree = "<group>";
		};
		EEBE0211251B227500FE7829 /* flixTests */ = {
			isa = PBXGroup;
			children = (
				EEBE0212251B227500FE7829 /* flixTests.swift */,
				EEBE0214251B227500FE7829 /* Info.plist */,
			);
			path = flixTests;
			sourceTree = "<group>";
		};
		EEBE021C251B227500FE7829 /* flixUITests */ = {
			isa = PBXGroup;
			children = (
				EEBE021D251B227500FE7829 /* flixUITests.swift */,
				EEBE021F251B227500FE7829 /* Info.plist */,
			);
			path = flixUITests;
			sourceTree = "<group>";
		};
/* End PBXGroup section */

/* Begin PBXNativeTarget section */
		EEBE01F7251B227200FE7829 /* flix */ = {
			isa = PBXNativeTarget;
			buildConfigurationList = EEBE0222251B227500FE7829 /* Build configuration list for PBXNativeTarget "flix" */;
			buildPhases = (
				EEBE01F4251B227200FE7829 /* Sources */,
				EEBE01F5251B227200FE7829 /* Frameworks */,
				EEBE01F6251B227200FE7829 /* Resources */,
			);
			buildRules = (
			);
			dependencies = (
			);
			name = flix;
			productName = flix;
			productReference = EEBE01F8251B227200FE7829 /* flix.app */;
			productType = "com.apple.product-type.application";
		};
		EEBE020D251B227500FE7829 /* flixTests */ = {
			isa = PBXNativeTarget;
			buildConfigurationList = EEBE0225251B227500FE7829 /* Build configuration list for PBXNativeTarget "flixTests" */;
			buildPhases = (
				EEBE020A251B227500FE7829 /* Sources */,
				EEBE020B251B227500FE7829 /* Frameworks */,
				EEBE020C251B227500FE7829 /* Resources */,
			);
			buildRules = (
			);
			dependencies = (
				EEBE0210251B227500FE7829 /* PBXTargetDependency */,
			);
			name = flixTests;
			productName = flixTests;
			productReference = EEBE020E251B227500FE7829 /* flixTests.xctest */;
			productType = "com.apple.product-type.bundle.unit-test";
		};
		EEBE0218251B227500FE7829 /* flixUITests */ = {
			isa = PBXNativeTarget;
			buildConfigurationList = EEBE0228251B227500FE7829 /* Build configuration list for PBXNativeTarget "flixUITests" */;
			buildPhases = (
				EEBE0215251B227500FE7829 /* Sources */,
				EEBE0216251B227500FE7829 /* Frameworks */,
				EEBE0217251B227500FE7829 /* Resources */,
			);
			buildRules = (
			);
			dependencies = (
				EEBE021B251B227500FE7829 /* PBXTargetDependency */,
			);
			name = flixUITests;
			productName = flixUITests;
			productReference = EEBE0219251B227500FE7829 /* flixUITests.xctest */;
			productType = "com.apple.product-type.bundle.ui-testing";
		};
/* End PBXNativeTarget section */

/* Begin PBXProject section */
		EEBE01F0251B227200FE7829 /* Project object */ = {
			isa = PBXProject;
			attributes = {
				LastSwiftUpdateCheck = 1160;
				LastUpgradeCheck = 1160;
				ORGANIZATIONNAME = haley.a.kell;
				TargetAttributes = {
					EEBE01F7251B227200FE7829 = {
						CreatedOnToolsVersion = 11.6;
					};
					EEBE020D251B227500FE7829 = {
						CreatedOnToolsVersion = 11.6;
						TestTargetID = EEBE01F7251B227200FE7829;
					};
					EEBE0218251B227500FE7829 = {
						CreatedOnToolsVersion = 11.6;
						TestTargetID = EEBE01F7251B227200FE7829;
					};
				};
			};
			buildConfigurationList = EEBE01F3251B227200FE7829 /* Build configuration list for PBXProject "flix" */;
			compatibilityVersion = "Xcode 9.3";
			developmentRegion = en;
			hasScannedForEncodings = 0;
			knownRegions = (
				en,
				Base,
			);
			mainGroup = EEBE01EF251B227200FE7829;
			productRefGroup = EEBE01F9251B227200FE7829 /* Products */;
			projectDirPath = "";
			projectRoot = "";
			targets = (
				EEBE01F7251B227200FE7829 /* flix */,
				EEBE020D251B227500FE7829 /* flixTests */,
				EEBE0218251B227500FE7829 /* flixUITests */,
			);
		};
/* End PBXProject section */

/* Begin PBXResourcesBuildPhase section */
		EEBE01F6251B227200FE7829 /* Resources */ = {
			isa = PBXResourcesBuildPhase;
			buildActionMask = 2147483647;
			files = (
				EEBE0208251B227500FE7829 /* LaunchScreen.storyboard in Resources */,
				EEBE0205251B227500FE7829 /* Assets.xcassets in Resources */,
				EEBE0203251B227200FE7829 /* Main.storyboard in Resources */,
			);
			runOnlyForDeploymentPostprocessing = 0;
		};
		EEBE020C251B227500FE7829 /* Resources */ = {
			isa = PBXResourcesBuildPhase;
			buildActionMask = 2147483647;
			files = (
			);
			runOnlyForDeploymentPostprocessing = 0;
		};
		EEBE0217251B227500FE7829 /* Resources */ = {
			isa = PBXResourcesBuildPhase;
			buildActionMask = 2147483647;
			files = (
			);
			runOnlyForDeploymentPostprocessing = 0;
		};
/* End PBXResourcesBuildPhase section */

/* Begin PBXSourcesBuildPhase section */
		EEBE01F4251B227200FE7829 /* Sources */ = {
			isa = PBXSourcesBuildPhase;
			buildActionMask = 2147483647;
			files = (
				EEBE0200251B227200FE7829 /* ViewController.swift in Sources */,
				EEBE01FC251B227200FE7829 /* AppDelegate.swift in Sources */,
				EEBE01FE251B227200FE7829 /* SceneDelegate.swift in Sources */,
			);
			runOnlyForDeploymentPostprocessing = 0;
		};
		EEBE020A251B227500FE7829 /* Sources */ = {
			isa = PBXSourcesBuildPhase;
			buildActionMask = 2147483647;
			files = (
				EEBE0213251B227500FE7829 /* flixTests.swift in Sources */,
			);
			runOnlyForDeploymentPostprocessing = 0;
		};
		EEBE0215251B227500FE7829 /* Sources */ = {
			isa = PBXSourcesBuildPhase;
			buildActionMask = 2147483647;
			files = (
				EEBE021E251B227500FE7829 /* flixUITests.swift in Sources */,
			);
			runOnlyForDeploymentPostprocessing = 0;
		};
/* End PBXSourcesBuildPhase section */

/* Begin PBXTargetDependency section */
		EEBE0210251B227500FE7829 /* PBXTargetDependency */ = {
			isa = PBXTargetDependency;
			target = EEBE01F7251B227200FE7829 /* flix */;
			targetProxy = EEBE020F251B227500FE7829 /* PBXContainerItemProxy */;
		};
		EEBE021B251B227500FE7829 /* PBXTargetDependency */ = {
			isa = PBXTargetDependency;
			target = EEBE01F7251B227200FE7829 /* flix */;
			targetProxy = EEBE021A251B227500FE7829 /* PBXContainerItemProxy */;
		};
/* End PBXTargetDependency section */

/* Begin PBXVariantGroup section */
		EEBE0201251B227200FE7829 /* Main.storyboard */ = {
			isa = PBXVariantGroup;
			children = (
				EEBE0202251B227200FE7829 /* Base */,
			);
			name = Main.storyboard;
			sourceTree = "<group>";
		};
		EEBE0206251B227500FE7829 /* LaunchScreen.storyboard */ = {
			isa = PBXVariantGroup;
			children = (
				EEBE0207251B227500FE7829 /* Base */,
			);
			name = LaunchScreen.storyboard;
			sourceTree = "<group>";
		};
/* End PBXVariantGroup section */

/* Begin XCBuildConfiguration section */
		EEBE0220251B227500FE7829 /* Debug */ = {
			isa = XCBuildConfiguration;
			buildSettings = {
				ALWAYS_SEARCH_USER_PATHS = NO;
				CLANG_ANALYZER_NONNULL = YES;
				CLANG_ANALYZER_NUMBER_OBJECT_CONVERSION = YES_AGGRESSIVE;
				CLANG_CXX_LANGUAGE_STANDARD = "gnu++14";
				CLANG_CXX_LIBRARY = "libc++";
				CLANG_ENABLE_MODULES = YES;
				CLANG_ENABLE_OBJC_ARC = YES;
				CLANG_ENABLE_OBJC_WEAK = YES;
				CLANG_WARN_BLOCK_CAPTURE_AUTORELEASING = YES;
				CLANG_WARN_BOOL_CONVERSION = YES;
				CLANG_WARN_COMMA = YES;
				CLANG_WARN_CONSTANT_CONVERSION = YES;
				CLANG_WARN_DEPRECATED_OBJC_IMPLEMENTATIONS = YES;
				CLANG_WARN_DIRECT_OBJC_ISA_USAGE = YES_ERROR;
				CLANG_WARN_DOCUMENTATION_COMMENTS = YES;
				CLANG_WARN_EMPTY_BODY = YES;
				CLANG_WARN_ENUM_CONVERSION = YES;
				CLANG_WARN_INFINITE_RECURSION = YES;
				CLANG_WARN_INT_CONVERSION = YES;
				CLANG_WARN_NON_LITERAL_NULL_CONVERSION = YES;
				CLANG_WARN_OBJC_IMPLICIT_RETAIN_SELF = YES;
				CLANG_WARN_OBJC_LITERAL_CONVERSION = YES;
				CLANG_WARN_OBJC_ROOT_CLASS = YES_ERROR;
				CLANG_WARN_RANGE_LOOP_ANALYSIS = YES;
				CLANG_WARN_STRICT_PROTOTYPES = YES;
				CLANG_WARN_SUSPICIOUS_MOVE = YES;
				CLANG_WARN_UNGUARDED_AVAILABILITY = YES_AGGRESSIVE;
				CLANG_WARN_UNREACHABLE_CODE = YES;
				CLANG_WARN__DUPLICATE_METHOD_MATCH = YES;
				COPY_PHASE_STRIP = NO;
				DEBUG_INFORMATION_FORMAT = dwarf;
				ENABLE_STRICT_OBJC_MSGSEND = YES;
				ENABLE_TESTABILITY = YES;
				GCC_C_LANGUAGE_STANDARD = gnu11;
				GCC_DYNAMIC_NO_PIC = NO;
				GCC_NO_COMMON_BLOCKS = YES;
				GCC_OPTIMIZATION_LEVEL = 0;
				GCC_PREPROCESSOR_DEFINITIONS = (
					"DEBUG=1",
					"$(inherited)",
				);
				GCC_WARN_64_TO_32_BIT_CONVERSION = YES;
				GCC_WARN_ABOUT_RETURN_TYPE = YES_ERROR;
				GCC_WARN_UNDECLARED_SELECTOR = YES;
				GCC_WARN_UNINITIALIZED_AUTOS = YES_AGGRESSIVE;
				GCC_WARN_UNUSED_FUNCTION = YES;
				GCC_WARN_UNUSED_VARIABLE = YES;
				IPHONEOS_DEPLOYMENT_TARGET = 13.6;
				MTL_ENABLE_DEBUG_INFO = INCLUDE_SOURCE;
				MTL_FAST_MATH = YES;
				ONLY_ACTIVE_ARCH = YES;
				SDKROOT = iphoneos;
				SWIFT_ACTIVE_COMPILATION_CONDITIONS = DEBUG;
				SWIFT_OPTIMIZATION_LEVEL = "-Onone";
			};
			name = Debug;
		};
		EEBE0221251B227500FE7829 /* Release */ = {
			isa = XCBuildConfiguration;
			buildSettings = {
				ALWAYS_SEARCH_USER_PATHS = NO;
				CLANG_ANALYZER_NONNULL = YES;
				CLANG_ANALYZER_NUMBER_OBJECT_CONVERSION = YES_AGGRESSIVE;
				CLANG_CXX_LANGUAGE_STANDARD = "gnu++14";
				CLANG_CXX_LIBRARY = "libc++";
				CLANG_ENABLE_MODULES = YES;
				CLANG_ENABLE_OBJC_ARC = YES;
				CLANG_ENABLE_OBJC_WEAK = YES;
				CLANG_WARN_BLOCK_CAPTURE_AUTORELEASING = YES;
				CLANG_WARN_BOOL_CONVERSION = YES;
				CLANG_WARN_COMMA = YES;
				CLANG_WARN_CONSTANT_CONVERSION = YES;
				CLANG_WARN_DEPRECATED_OBJC_IMPLEMENTATIONS = YES;
				CLANG_WARN_DIRECT_OBJC_ISA_USAGE = YES_ERROR;
				CLANG_WARN_DOCUMENTATION_COMMENTS = YES;
				CLANG_WARN_EMPTY_BODY = YES;
				CLANG_WARN_ENUM_CONVERSION = YES;
				CLANG_WARN_INFINITE_RECURSION = YES;
				CLANG_WARN_INT_CONVERSION = YES;
				CLANG_WARN_NON_LITERAL_NULL_CONVERSION = YES;
				CLANG_WARN_OBJC_IMPLICIT_RETAIN_SELF = YES;
				CLANG_WARN_OBJC_LITERAL_CONVERSION = YES;
				CLANG_WARN_OBJC_ROOT_CLASS = YES_ERROR;
				CLANG_WARN_RANGE_LOOP_ANALYSIS = YES;
				CLANG_WARN_STRICT_PROTOTYPES = YES;
				CLANG_WARN_SUSPICIOUS_MOVE = YES;
				CLANG_WARN_UNGUARDED_AVAILABILITY = YES_AGGRESSIVE;
				CLANG_WARN_UNREACHABLE_CODE = YES;
				CLANG_WARN__DUPLICATE_METHOD_MATCH = YES;
				COPY_PHASE_STRIP = NO;
				DEBUG_INFORMATION_FORMAT = "dwarf-with-dsym";
				ENABLE_NS_ASSERTIONS = NO;
				ENABLE_STRICT_OBJC_MSGSEND = YES;
				GCC_C_LANGUAGE_STANDARD = gnu11;
				GCC_NO_COMMON_BLOCKS = YES;
				GCC_WARN_64_TO_32_BIT_CONVERSION = YES;
				GCC_WARN_ABOUT_RETURN_TYPE = YES_ERROR;
				GCC_WARN_UNDECLARED_SELECTOR = YES;
				GCC_WARN_UNINITIALIZED_AUTOS = YES_AGGRESSIVE;
				GCC_WARN_UNUSED_FUNCTION = YES;
				GCC_WARN_UNUSED_VARIABLE = YES;
				IPHONEOS_DEPLOYMENT_TARGET = 13.6;
				MTL_ENABLE_DEBUG_INFO = NO;
				MTL_FAST_MATH = YES;
				SDKROOT = iphoneos;
				SWIFT_COMPILATION_MODE = wholemodule;
				SWIFT_OPTIMIZATION_LEVEL = "-O";
				VALIDATE_PRODUCT = YES;
			};
			name = Release;
		};
		EEBE0223251B227500FE7829 /* Debug */ = {
			isa = XCBuildConfiguration;
			buildSettings = {
				ASSETCATALOG_COMPILER_APPICON_NAME = AppIcon;
				CODE_SIGN_STYLE = Automatic;
				INFOPLIST_FILE = flix/Info.plist;
				LD_RUNPATH_SEARCH_PATHS = (
					"$(inherited)",
					"@executable_path/Frameworks",
				);
				PRODUCT_BUNDLE_IDENTIFIER = haley.a.kell.flix;
				PRODUCT_NAME = "$(TARGET_NAME)";
				SWIFT_VERSION = 5.0;
				TARGETED_DEVICE_FAMILY = "1,2";
			};
			name = Debug;
		};
		EEBE0224251B227500FE7829 /* Release */ = {
			isa = XCBuildConfiguration;
			buildSettings = {
				ASSETCATALOG_COMPILER_APPICON_NAME = AppIcon;
				CODE_SIGN_STYLE = Automatic;
				INFOPLIST_FILE = flix/Info.plist;
				LD_RUNPATH_SEARCH_PATHS = (
					"$(inherited)",
					"@executable_path/Frameworks",
				);
				PRODUCT_BUNDLE_IDENTIFIER = haley.a.kell.flix;
				PRODUCT_NAME = "$(TARGET_NAME)";
				SWIFT_VERSION = 5.0;
				TARGETED_DEVICE_FAMILY = "1,2";
			};
			name = Release;
		};
		EEBE0226251B227500FE7829 /* Debug */ = {
			isa = XCBuildConfiguration;
			buildSettings = {
				ALWAYS_EMBED_SWIFT_STANDARD_LIBRARIES = YES;
				BUNDLE_LOADER = "$(TEST_HOST)";
				CODE_SIGN_STYLE = Automatic;
				INFOPLIST_FILE = flixTests/Info.plist;
				IPHONEOS_DEPLOYMENT_TARGET = 13.6;
				LD_RUNPATH_SEARCH_PATHS = (
					"$(inherited)",
					"@executable_path/Frameworks",
					"@loader_path/Frameworks",
				);
				PRODUCT_BUNDLE_IDENTIFIER = haley.a.kell.flixTests;
				PRODUCT_NAME = "$(TARGET_NAME)";
				SWIFT_VERSION = 5.0;
				TARGETED_DEVICE_FAMILY = "1,2";
				TEST_HOST = "$(BUILT_PRODUCTS_DIR)/flix.app/flix";
			};
			name = Debug;
		};
		EEBE0227251B227500FE7829 /* Release */ = {
			isa = XCBuildConfiguration;
			buildSettings = {
				ALWAYS_EMBED_SWIFT_STANDARD_LIBRARIES = YES;
				BUNDLE_LOADER = "$(TEST_HOST)";
				CODE_SIGN_STYLE = Automatic;
				INFOPLIST_FILE = flixTests/Info.plist;
				IPHONEOS_DEPLOYMENT_TARGET = 13.6;
				LD_RUNPATH_SEARCH_PATHS = (
					"$(inherited)",
					"@executable_path/Frameworks",
					"@loader_path/Frameworks",
				);
				PRODUCT_BUNDLE_IDENTIFIER = haley.a.kell.flixTests;
				PRODUCT_NAME = "$(TARGET_NAME)";
				SWIFT_VERSION = 5.0;
				TARGETED_DEVICE_FAMILY = "1,2";
				TEST_HOST = "$(BUILT_PRODUCTS_DIR)/flix.app/flix";
			};
			name = Release;
		};
		EEBE0229251B227500FE7829 /* Debug */ = {
			isa = XCBuildConfiguration;
			buildSettings = {
				ALWAYS_EMBED_SWIFT_STANDARD_LIBRARIES = YES;
				CODE_SIGN_STYLE = Automatic;
				INFOPLIST_FILE = flixUITests/Info.plist;
				LD_RUNPATH_SEARCH_PATHS = (
					"$(inherited)",
					"@executable_path/Frameworks",
					"@loader_path/Frameworks",
				);
				PRODUCT_BUNDLE_IDENTIFIER = haley.a.kell.flixUITests;
				PRODUCT_NAME = "$(TARGET_NAME)";
				SWIFT_VERSION = 5.0;
				TARGETED_DEVICE_FAMILY = "1,2";
				TEST_TARGET_NAME = flix;
			};
			name = Debug;
		};
		EEBE022A251B227500FE7829 /* Release */ = {
			isa = XCBuildConfiguration;
			buildSettings = {
				ALWAYS_EMBED_SWIFT_STANDARD_LIBRARIES = YES;
				CODE_SIGN_STYLE = Automatic;
				INFOPLIST_FILE = flixUITests/Info.plist;
				LD_RUNPATH_SEARCH_PATHS = (
					"$(inherited)",
					"@executable_path/Frameworks",
					"@loader_path/Frameworks",
				);
				PRODUCT_BUNDLE_IDENTIFIER = haley.a.kell.flixUITests;
				PRODUCT_NAME = "$(TARGET_NAME)";
				SWIFT_VERSION = 5.0;
				TARGETED_DEVICE_FAMILY = "1,2";
				TEST_TARGET_NAME = flix;
			};
			name = Release;
		};
/* End XCBuildConfiguration section */

/* Begin XCConfigurationList section */
		EEBE01F3251B227200FE7829 /* Build configuration list for PBXProject "flix" */ = {
			isa = XCConfigurationList;
			buildConfigurations = (
				EEBE0220251B227500FE7829 /* Debug */,
				EEBE0221251B227500FE7829 /* Release */,
			);
			defaultConfigurationIsVisible = 0;
			defaultConfigurationName = Release;
		};
		EEBE0222251B227500FE7829 /* Build configuration list for PBXNativeTarget "flix" */ = {
			isa = XCConfigurationList;
			buildConfigurations = (
				EEBE0223251B227500FE7829 /* Debug */,
				EEBE0224251B227500FE7829 /* Release */,
			);
			defaultConfigurationIsVisible = 0;
			defaultConfigurationName = Release;
		};
		EEBE0225251B227500FE7829 /* Build configuration list for PBXNativeTarget "flixTests" */ = {
			isa = XCConfigurationList;
			buildConfigurations = (
				EEBE0226251B227500FE7829 /* Debug */,
				EEBE0227251B227500FE7829 /* Release */,
			);
			defaultConfigurationIsVisible = 0;
			defaultConfigurationName = Release;
		};
		EEBE0228251B227500FE7829 /* Build configuration list for PBXNativeTarget "flixUITests" */ = {
			isa = XCConfigurationList;
			buildConfigurations = (
				EEBE0229251B227500FE7829 /* Debug */,
				EEBE022A251B227500FE7829 /* Release */,
			);
			defaultConfigurationIsVisible = 0;
			defaultConfigurationName = Release;
		};
/* End XCConfigurationList section */
	};
	rootObject = EEBE01F0251B227200FE7829 /* Project object */;
}
